{
  "nodes": {
    "emacsConfig": {
      "inputs": {
        "nixpkgs": "nixpkgs"
      },
      "locked": {
        "lastModified": 1728850051,
        "narHash": "sha256-cK+q9bx8ga7TTW8k0Fgm9bHh7MY/lxLSaaUyhka2n2c=",
        "owner": "sstoltze",
        "repo": "emacs-config",
        "rev": "6c78636b9fcd2db70e8750cad05547f069191435",
        "type": "github"
      },
      "original": {
        "owner": "sstoltze",
        "repo": "emacs-config",
        "type": "github"
      }
    },
    "nixpkgs": {
      "locked": {
        "lastModified": 1728538411,
        "narHash": "sha256-f0SBJz1eZ2yOuKUr5CA9BHULGXVSn6miBuUWdTyhUhU=",
        "owner": "nixos",
        "repo": "nixpkgs",
        "rev": "b69de56fac8c2b6f8fd27f2eca01dcda8e0a4221",
        "type": "github"
      },
      "original": {
        "owner": "nixos",
        "ref": "nixpkgs-unstable",
        "repo": "nixpkgs",
        "type": "github"
      }
    },
    "root": {
      "inputs": {
        "emacsConfig": "emacsConfig"
      }
    }
  },
  "root": "root",
  "version": 7
}
